// !$*UTF8*$!
{
	archiveVersion = 1;
	classes = {
	};
	objectVersion = 46;
	objects = {

/* Begin PBXBuildFile section */
		F24759641ADA7C9A008F1F2E /* AppDelegate.swift in Sources */ = {isa = PBXBuildFile; fileRef = F24759631ADA7C9A008F1F2E /* AppDelegate.swift */; };
		F24759661ADA7C9A008F1F2E /* ViewController.swift in Sources */ = {isa = PBXBuildFile; fileRef = F24759651ADA7C9A008F1F2E /* ViewController.swift */; };
		F24759681ADA7C9A008F1F2E /* Images.xcassets in Resources */ = {isa = PBXBuildFile; fileRef = F24759671ADA7C9A008F1F2E /* Images.xcassets */; };
		F247596B1ADA7C9A008F1F2E /* Main.storyboard in Resources */ = {isa = PBXBuildFile; fileRef = F24759691ADA7C9A008F1F2E /* Main.storyboard */; };
		F24759771ADA7C9A008F1F2E /* PosterTests.swift in Sources */ = {isa = PBXBuildFile; fileRef = F24759761ADA7C9A008F1F2E /* PosterTests.swift */; };
/* End PBXBuildFile section */

/* Begin PBXContainerItemProxy section */
		F24759711ADA7C9A008F1F2E /* PBXContainerItemProxy */ = {
			isa = PBXContainerItemProxy;
			containerPortal = F24759561ADA7C9A008F1F2E /* Project object */;
			proxyType = 1;
			remoteGlobalIDString = F247595D1ADA7C9A008F1F2E;
			remoteInfo = Poster;
		};
/* End PBXContainerItemProxy section */

/* Begin PBXFileReference section */
		F247595E1ADA7C9A008F1F2E /* Poster.app */ = {isa = PBXFileReference; explicitFileType = wrapper.application; includeInIndex = 0; path = Poster.app; sourceTree = BUILT_PRODUCTS_DIR; };
		F24759621ADA7C9A008F1F2E /* Info.plist */ = {isa = PBXFileReference; lastKnownFileType = text.plist.xml; path = Info.plist; sourceTree = "<group>"; };
		F24759631ADA7C9A008F1F2E /* AppDelegate.swift */ = {isa = PBXFileReference; lastKnownFileType = sourcecode.swift; path = AppDelegate.swift; sourceTree = "<group>"; };
		F24759651ADA7C9A008F1F2E /* ViewController.swift */ = {isa = PBXFileReference; lastKnownFileType = sourcecode.swift; path = ViewController.swift; sourceTree = "<group>"; };
		F24759671ADA7C9A008F1F2E /* Images.xcassets */ = {isa = PBXFileReference; lastKnownFileType = folder.assetcatalog; path = Images.xcassets; sourceTree = "<group>"; };
		F247596A1ADA7C9A008F1F2E /* Base */ = {isa = PBXFileReference; lastKnownFileType = file.storyboard; name = Base; path = Base.lproj/Main.storyboard; sourceTree = "<group>"; };
		F24759701ADA7C9A008F1F2E /* PosterTests.xctest */ = {isa = PBXFileReference; explicitFileType = wrapper.cfbundle; includeInIndex = 0; path = PosterTests.xctest; sourceTree = BUILT_PRODUCTS_DIR; };
		F24759751ADA7C9A008F1F2E /* Info.plist */ = {isa = PBXFileReference; lastKnownFileType = text.plist.xml; path = Info.plist; sourceTree = "<group>"; };
		F24759761ADA7C9A008F1F2E /* PosterTests.swift */ = {isa = PBXFileReference; lastKnownFileType = sourcecode.swift; path = PosterTests.swift; sourceTree = "<group>"; };
/* End PBXFileReference section */

/* Begin PBXFrameworksBuildPhase section */
		F247595B1ADA7C9A008F1F2E /* Frameworks */ = {
			isa = PBXFrameworksBuildPhase;
			buildActionMask = 2147483647;
			files = (
			);
			runOnlyForDeploymentPostprocessing = 0;
		};
		F247596D1ADA7C9A008F1F2E /* Frameworks */ = {
			isa = PBXFrameworksBuildPhase;
			buildActionMask = 2147483647;
			files = (
			);
			runOnlyForDeploymentPostprocessing = 0;
		};
/* End PBXFrameworksBuildPhase section */

/* Begin PBXGroup section */
		F24759551ADA7C9A008F1F2E = {
			isa = PBXGroup;
			children = (
				F24759601ADA7C9A008F1F2E /* Poster */,
				F24759731ADA7C9A008F1F2E /* PosterTests */,
				F247595F1ADA7C9A008F1F2E /* Products */,
			);
			sourceTree = "<group>";
		};
		F247595F1ADA7C9A008F1F2E /* Products */ = {
			isa = PBXGroup;
			children = (
				F247595E1ADA7C9A008F1F2E /* Poster.app */,
				F24759701ADA7C9A008F1F2E /* PosterTests.xctest */,
			);
			name = Products;
			sourceTree = "<group>";
		};
		F24759601ADA7C9A008F1F2E /* Poster */ = {
			isa = PBXGroup;
			children = (
				F24759631ADA7C9A008F1F2E /* AppDelegate.swift */,
				F24759651ADA7C9A008F1F2E /* ViewController.swift */,
				F24759671ADA7C9A008F1F2E /* Images.xcassets */,
				F24759691ADA7C9A008F1F2E /* Main.storyboard */,
				F24759611ADA7C9A008F1F2E /* Supporting Files */,
			);
			path = Poster;
			sourceTree = "<group>";
		};
		F24759611ADA7C9A008F1F2E /* Supporting Files */ = {
			isa = PBXGroup;
			children = (
				F24759621ADA7C9A008F1F2E /* Info.plist */,
			);
			name = "Supporting Files";
			sourceTree = "<group>";
		};
		F24759731ADA7C9A008F1F2E /* PosterTests */ = {
			isa = PBXGroup;
			children = (
				F24759761ADA7C9A008F1F2E /* PosterTests.swift */,
				F24759741ADA7C9A008F1F2E /* Supporting Files */,
			);
			path = PosterTests;
			sourceTree = "<group>";
		};
		F24759741ADA7C9A008F1F2E /* Supporting Files */ = {
			isa = PBXGroup;
			children = (
				F24759751ADA7C9A008F1F2E /* Info.plist */,
			);
			name = "Supporting Files";
			sourceTree = "<group>";
		};
/* End PBXGroup section */

/* Begin PBXNativeTarget section */
		F247595D1ADA7C9A008F1F2E /* Poster */ = {
			isa = PBXNativeTarget;
			buildConfigurationList = F247597A1ADA7C9A008F1F2E /* Build configuration list for PBXNativeTarget "Poster" */;
			buildPhases = (
				F247595A1ADA7C9A008F1F2E /* Sources */,
				F247595B1ADA7C9A008F1F2E /* Frameworks */,
				F247595C1ADA7C9A008F1F2E /* Resources */,
			);
			buildRules = (
			);
			dependencies = (
			);
			name = Poster;
			productName = Poster;
			productReference = F247595E1ADA7C9A008F1F2E /* Poster.app */;
			productType = "com.apple.product-type.application";
		};
		F247596F1ADA7C9A008F1F2E /* PosterTests */ = {
			isa = PBXNativeTarget;
			buildConfigurationList = F247597D1ADA7C9A008F1F2E /* Build configuration list for PBXNativeTarget "PosterTests" */;
			buildPhases = (
				F247596C1ADA7C9A008F1F2E /* Sources */,
				F247596D1ADA7C9A008F1F2E /* Frameworks */,
				F247596E1ADA7C9A008F1F2E /* Resources */,
			);
			buildRules = (
			);
			dependencies = (
				F24759721ADA7C9A008F1F2E /* PBXTargetDependency */,
			);
			name = PosterTests;
			productName = PosterTests;
			productReference = F24759701ADA7C9A008F1F2E /* PosterTests.xctest */;
			productType = "com.apple.product-type.bundle.unit-test";
		};
/* End PBXNativeTarget section */

/* Begin PBXProject section */
		F24759561ADA7C9A008F1F2E /* Project object */ = {
			isa = PBXProject;
			attributes = {
				LastUpgradeCheck = 0630;
				ORGANIZATIONNAME = "Dominik Hauser";
				TargetAttributes = {
					F247595D1ADA7C9A008F1F2E = {
						CreatedOnToolsVersion = 6.3;
					};
					F247596F1ADA7C9A008F1F2E = {
						CreatedOnToolsVersion = 6.3;
						TestTargetID = F247595D1ADA7C9A008F1F2E;
					};
				};
			};
			buildConfigurationList = F24759591ADA7C9A008F1F2E /* Build configuration list for PBXProject "Poster" */;
			compatibilityVersion = "Xcode 3.2";
			developmentRegion = English;
			hasScannedForEncodings = 0;
			knownRegions = (
				en,
				Base,
			);
			mainGroup = F24759551ADA7C9A008F1F2E;
			productRefGroup = F247595F1ADA7C9A008F1F2E /* Products */;
			projectDirPath = "";
			projectRoot = "";
			targets = (
				F247595D1ADA7C9A008F1F2E /* Poster */,
				F247596F1ADA7C9A008F1F2E /* PosterTests */,
			);
		};
/* End PBXProject section */

/* Begin PBXResourcesBuildPhase section */
		F247595C1ADA7C9A008F1F2E /* Resources */ = {
			isa = PBXResourcesBuildPhase;
			buildActionMask = 2147483647;
			files = (
				F24759681ADA7C9A008F1F2E /* Images.xcassets in Resources */,
				F247596B1ADA7C9A008F1F2E /* Main.storyboard in Resources */,
			);
			runOnlyForDeploymentPostprocessing = 0;
		};
		F247596E1ADA7C9A008F1F2E /* Resources */ = {
			isa = PBXResourcesBuildPhase;
			buildActionMask = 2147483647;
			files = (
			);
			runOnlyForDeploymentPostprocessing = 0;
		};
/* End PBXResourcesBuildPhase section */

/* Begin PBXSourcesBuildPhase section */
		F247595A1ADA7C9A008F1F2E /* Sources */ = {
			isa = PBXSourcesBuildPhase;
			buildActionMask = 2147483647;
			files = (
				F24759661ADA7C9A008F1F2E /* ViewController.swift in Sources */,
				F24759641ADA7C9A008F1F2E /* AppDelegate.swift in Sources */,
			);
			runOnlyForDeploymentPostprocessing = 0;
		};
		F247596C1ADA7C9A008F1F2E /* Sources */ = {
			isa = PBXSourcesBuildPhase;
			buildActionMask = 2147483647;
			files = (
				F24759771ADA7C9A008F1F2E /* PosterTests.swift in Sources */,
			);
			runOnlyForDeploymentPostprocessing = 0;
		};
/* End PBXSourcesBuildPhase section */

/* Begin PBXTargetDependency section */
		F24759721ADA7C9A008F1F2E /* PBXTargetDependency */ = {
			isa = PBXTargetDependency;
			target = F247595D1ADA7C9A008F1F2E /* Poster */;
			targetProxy = F24759711ADA7C9A008F1F2E /* PBXContainerItemProxy */;
		};
/* End PBXTargetDependency section */

/* Begin PBXVariantGroup section */
		F24759691ADA7C9A008F1F2E /* Main.storyboard */ = {
			isa = PBXVariantGroup;
			children = (
				F247596A1ADA7C9A008F1F2E /* Base */,
			);
			name = Main.storyboard;
			sourceTree = "<group>";
		};
/* End PBXVariantGroup section */

/* Begin XCBuildConfiguration section */
		F24759781ADA7C9A008F1F2E /* Debug */ = {
			isa = XCBuildConfiguration;
			buildSettings = {
				ALWAYS_SEARCH_USER_PATHS = NO;
				CLANG_CXX_LANGUAGE_STANDARD = "gnu++0x";
				CLANG_CXX_LIBRARY = "libc++";
				CLANG_ENABLE_MODULES = YES;
				CLANG_ENABLE_OBJC_ARC = YES;
				CLANG_WARN_BOOL_CONVERSION = YES;
				CLANG_WARN_CONSTANT_CONVERSION = YES;
				CLANG_WARN_DIRECT_OBJC_ISA_USAGE = YES_ERROR;
				CLANG_WARN_EMPTY_BODY = YES;
				CLANG_WARN_ENUM_CONVERSION = YES;
				CLANG_WARN_INT_CONVERSION = YES;
				CLANG_WARN_OBJC_ROOT_CLASS = YES_ERROR;
				CLANG_WARN_UNREACHABLE_CODE = YES;
				CLANG_WARN__DUPLICATE_METHOD_MATCH = YES;
				CODE_SIGN_IDENTITY = "-";
				COPY_PHASE_STRIP = NO;
				DEBUG_INFORMATION_FORMAT = dwarf;
				ENABLE_STRICT_OBJC_MSGSEND = YES;
				GCC_C_LANGUAGE_STANDARD = gnu99;
				GCC_DYNAMIC_NO_PIC = NO;
				GCC_NO_COMMON_BLOCKS = YES;
				GCC_OPTIMIZATION_LEVEL = 0;
				GCC_PREPROCESSOR_DEFINITIONS = (
					"DEBUG=1",
					"$(inherited)",
				);
				GCC_SYMBOLS_PRIVATE_EXTERN = NO;
				GCC_WARN_64_TO_32_BIT_CONVERSION = YES;
				GCC_WARN_ABOUT_RETURN_TYPE = YES_ERROR;
				GCC_WARN_UNDECLARED_SELECTOR = YES;
				GCC_WARN_UNINITIALIZED_AUTOS = YES_AGGRESSIVE;
				GCC_WARN_UNUSED_FUNCTION = YES;
				GCC_WARN_UNUSED_VARIABLE = YES;
				MACOSX_DEPLOYMENT_TARGET = 10.10;
				MTL_ENABLE_DEBUG_INFO = YES;
				ONLY_ACTIVE_ARCH = YES;
				SDKROOT = macosx;
				SWIFT_OPTIMIZATION_LEVEL = "-Onone";
			};
			name = Debug;
		};
		F24759791ADA7C9A008F1F2E /* Release */ = {
			isa = XCBuildConfiguration;
			buildSettings = {
				ALWAYS_SEARCH_USER_PATHS = NO;
				CLANG_CXX_LANGUAGE_STANDARD = "gnu++0x";
				CLANG_CXX_LIBRARY = "libc++";
				CLANG_ENABLE_MODULES = YES;
				CLANG_ENABLE_OBJC_ARC = YES;
				CLANG_WARN_BOOL_CONVERSION = YES;
				CLANG_WARN_CONSTANT_CONVERSION = YES;
				CLANG_WARN_DIRECT_OBJC_ISA_USAGE = YES_ERROR;
				CLANG_WARN_EMPTY_BODY = YES;
				CLANG_WARN_ENUM_CONVERSION = YES;
				CLANG_WARN_INT_CONVERSION = YES;
				CLANG_WARN_OBJC_ROOT_CLASS = YES_ERROR;
				CLANG_WARN_UNREACHABLE_CODE = YES;
				CLANG_WARN__DUPLICATE_METHOD_MATCH = YES;
				CODE_SIGN_IDENTITY = "-";
				COPY_PHASE_STRIP = NO;
				DEBUG_INFORMATION_FORMAT = "dwarf-with-dsym";
				ENABLE_NS_ASSERTIONS = NO;
				ENABLE_STRICT_OBJC_MSGSEND = YES;
				GCC_C_LANGUAGE_STANDARD = gnu99;
				GCC_NO_COMMON_BLOCKS = YES;
				GCC_WARN_64_TO_32_BIT_CONVERSION = YES;
				GCC_WARN_ABOUT_RETURN_TYPE = YES_ERROR;
				GCC_WARN_UNDECLARED_SELECTOR = YES;
				GCC_WARN_UNINITIALIZED_AUTOS = YES_AGGRESSIVE;
				GCC_WARN_UNUSED_FUNCTION = YES;
				GCC_WARN_UNUSED_VARIABLE = YES;
				MACOSX_DEPLOYMENT_TARGET = 10.10;
				MTL_ENABLE_DEBUG_INFO = NO;
				SDKROOT = macosx;
			};
			name = Release;
		};
		F247597B1ADA7C9A008F1F2E /* Debug */ = {
			isa = XCBuildConfiguration;
			buildSettings = {
				ASSETCATALOG_COMPILER_APPICON_NAME = AppIcon;
				COMBINE_HIDPI_IMAGES = YES;
				INFOPLIST_FILE = Poster/Info.plist;
				LD_RUNPATH_SEARCH_PATHS = "$(inherited) @executable_path/../Frameworks";
				PRODUCT_NAME = "$(TARGET_NAME)";
			};
			name = Debug;
		};
		F247597C1ADA7C9A008F1F2E /* Release */ = {
			isa = XCBuildConfiguration;
			buildSettings = {
				ASSETCATALOG_COMPILER_APPICON_NAME = AppIcon;
				COMBINE_HIDPI_IMAGES = YES;
				INFOPLIST_FILE = Poster/Info.plist;
				LD_RUNPATH_SEARCH_PATHS = "$(inherited) @executable_path/../Frameworks";
				PRODUCT_NAME = "$(TARGET_NAME)";
			};
			name = Release;
		};
		F247597E1ADA7C9A008F1F2E /* Debug */ = {
			isa = XCBuildConfiguration;
			buildSettings = {
				BUNDLE_LOADER = "$(TEST_HOST)";
				COMBINE_HIDPI_IMAGES = YES;
				FRAMEWORK_SEARCH_PATHS = (
					"$(DEVELOPER_FRAMEWORKS_DIR)",
					"$(inherited)",
				);
				GCC_PREPROCESSOR_DEFINITIONS = (
					"DEBUG=1",
					"$(inherited)",
				);
				INFOPLIST_FILE = PosterTests/Info.plist;
				LD_RUNPATH_SEARCH_PATHS = "$(inherited) @executable_path/../Frameworks @loader_path/../Frameworks";
				PRODUCT_NAME = "$(TARGET_NAME)";
				TEST_HOST = "$(BUILT_PRODUCTS_DIR)/Poster.app/Contents/MacOS/Poster";
			};
			name = Debug;
		};
		F247597F1ADA7C9A008F1F2E /* Release */ = {
			isa = XCBuildConfiguration;
			buildSettings = {
				BUNDLE_LOADER = "$(TEST_HOST)";
				COMBINE_HIDPI_IMAGES = YES;
				FRAMEWORK_SEARCH_PATHS = (
					"$(DEVELOPER_FRAMEWORKS_DIR)",
					"$(inherited)",
				);
				INFOPLIST_FILE = PosterTests/Info.plist;
				LD_RUNPATH_SEARCH_PATHS = "$(inherited) @executable_path/../Frameworks @loader_path/../Frameworks";
				PRODUCT_NAME = "$(TARGET_NAME)";
				TEST_HOST = "$(BUILT_PRODUCTS_DIR)/Poster.app/Contents/MacOS/Poster";
			};
			name = Release;
		};
/* End XCBuildConfiguration section */

/* Begin XCConfigurationList section */
		F24759591ADA7C9A008F1F2E /* Build configuration list for PBXProject "Poster" */ = {
			isa = XCConfigurationList;
			buildConfigurations = (
				F24759781ADA7C9A008F1F2E /* Debug */,
				F24759791ADA7C9A008F1F2E /* Release */,
			);
			defaultConfigurationIsVisible = 0;
			defaultConfigurationName = Release;
		};
		F247597A1ADA7C9A008F1F2E /* Build configuration list for PBXNativeTarget "Poster" */ = {
			isa = XCConfigurationList;
			buildConfigurations = (
				F247597B1ADA7C9A008F1F2E /* Debug */,
				F247597C1ADA7C9A008F1F2E /* Release */,
			);
			defaultConfigurationIsVisible = 0;
		};
		F247597D1ADA7C9A008F1F2E /* Build configuration list for PBXNativeTarget "PosterTests" */ = {
			isa = XCConfigurationList;
			buildConfigurations = (
				F247597E1ADA7C9A008F1F2E /* Debug */,
				F247597F1ADA7C9A008F1F2E /* Release */,
			);
			defaultConfigurationIsVisible = 0;
		};
/* End XCConfigurationList section */
	};
	rootObject = F24759561ADA7C9A008F1F2E /* Project object */;
}
