// !$*UTF8*$!
{
	archiveVersion = 1;
	classes = {
	};
	objectVersion = 46;
	objects = {

/* Begin PBXBuildFile section */
		F24759641ADA7C9A008F1F2E /* AppDelegate.swift in Sources */ = {isa = PBXBuildFile; fileRef = F24759631ADA7C9A008F1F2E /* AppDelegate.swift */; };
		F24759661ADA7C9A008F1F2E /* ViewController.swift in Sources */ = {isa = PBXBuildFile; fileRef = F24759651ADA7C9A008F1F2E /* ViewController.swift */; };
		F24759681ADA7C9A008F1F2E /* Images.xcassets in Resources */ = {isa = PBXBuildFile; fileRef = F24759671ADA7C9A008F1F2E /* Images.xcassets */; };
		F247596B1ADA7C9A008F1F2E /* Main.storyboard in Resources */ = {isa = PBXBuildFile; fileRef = F24759691ADA7C9A008F1F2E /* Main.storyboard */; };
		F24759851ADA92F3008F1F2E /* APICommunicatorTests.swift in Sources */ = {isa = PBXBuildFile; fileRef = F24759841ADA92F3008F1F2E /* APICommunicatorTests.swift */; };
		F24759871ADA9C2E008F1F2E /* WebLoginViewController.swift in Sources */ = {isa = PBXBuildFile; fileRef = F24759861ADA9C2E008F1F2E /* WebLoginViewController.swift */; };
		F24759921ADAFCC3008F1F2E /* PostToADN.h in Headers */ = {isa = PBXBuildFile; fileRef = F24759911ADAFCC3008F1F2E /* PostToADN.h */; settings = {ATTRIBUTES = (Public, ); }; };
		F24759981ADAFCC4008F1F2E /* PostToADN.framework in Frameworks */ = {isa = PBXBuildFile; fileRef = F247598D1ADAFCC3008F1F2E /* PostToADN.framework */; };
		F24759A11ADAFCC4008F1F2E /* PostToADNTests.swift in Sources */ = {isa = PBXBuildFile; fileRef = F24759A01ADAFCC4008F1F2E /* PostToADNTests.swift */; };
		F24759A41ADAFCC4008F1F2E /* PostToADN.framework in Frameworks */ = {isa = PBXBuildFile; fileRef = F247598D1ADAFCC3008F1F2E /* PostToADN.framework */; };
		F24759A51ADAFCC4008F1F2E /* PostToADN.framework in Embed Frameworks */ = {isa = PBXBuildFile; fileRef = F247598D1ADAFCC3008F1F2E /* PostToADN.framework */; settings = {ATTRIBUTES = (CodeSignOnCopy, RemoveHeadersOnCopy, ); }; };
		F24759B11ADB0042008F1F2E /* ADNAPICommunicator.swift in Sources */ = {isa = PBXBuildFile; fileRef = F24759AD1ADB0042008F1F2E /* ADNAPICommunicator.swift */; };
		F24759B21ADB0042008F1F2E /* ImageService.swift in Sources */ = {isa = PBXBuildFile; fileRef = F24759AE1ADB0042008F1F2E /* ImageService.swift */; };
		F24759B31ADB0042008F1F2E /* PostService.swift in Sources */ = {isa = PBXBuildFile; fileRef = F24759AF1ADB0042008F1F2E /* PostService.swift */; };
		F24759B41ADB0042008F1F2E /* RequestFactory.swift in Sources */ = {isa = PBXBuildFile; fileRef = F24759B01ADB0042008F1F2E /* RequestFactory.swift */; };
		F24759BF1ADB01CD008F1F2E /* KeychainAccess.h in Headers */ = {isa = PBXBuildFile; fileRef = F24759BE1ADB01CD008F1F2E /* KeychainAccess.h */; settings = {ATTRIBUTES = (Public, ); }; };
		F24759C51ADB01CD008F1F2E /* KeychainAccess.framework in Frameworks */ = {isa = PBXBuildFile; fileRef = F24759BA1ADB01CD008F1F2E /* KeychainAccess.framework */; };
		F24759CE1ADB01CE008F1F2E /* KeychainAccessTests.swift in Sources */ = {isa = PBXBuildFile; fileRef = F24759CD1ADB01CE008F1F2E /* KeychainAccessTests.swift */; };
		F24759D11ADB01CE008F1F2E /* KeychainAccess.framework in Frameworks */ = {isa = PBXBuildFile; fileRef = F24759BA1ADB01CD008F1F2E /* KeychainAccess.framework */; };
		F24759D21ADB01CE008F1F2E /* KeychainAccess.framework in Embed Frameworks */ = {isa = PBXBuildFile; fileRef = F24759BA1ADB01CD008F1F2E /* KeychainAccess.framework */; settings = {ATTRIBUTES = (CodeSignOnCopy, RemoveHeadersOnCopy, ); }; };
		F24759DA1ADB0268008F1F2E /* KeychainAccess.swift in Sources */ = {isa = PBXBuildFile; fileRef = F24759D91ADB0268008F1F2E /* KeychainAccess.swift */; };
		F24759DC1ADDA633008F1F2E /* BackgroundView.swift in Sources */ = {isa = PBXBuildFile; fileRef = F24759DB1ADDA633008F1F2E /* BackgroundView.swift */; };
		F2B001A31AE1991700F806CE /* KeychainAccess.framework in Frameworks */ = {isa = PBXBuildFile; fileRef = F24759BA1ADB01CD008F1F2E /* KeychainAccess.framework */; };
		F2C7D1401AE1378D00409984 /* NSImageExtensions.swift in Sources */ = {isa = PBXBuildFile; fileRef = F2C7D13F1AE1378D00409984 /* NSImageExtensions.swift */; };
/* End PBXBuildFile section */

/* Begin PBXContainerItemProxy section */
		F24759711ADA7C9A008F1F2E /* PBXContainerItemProxy */ = {
			isa = PBXContainerItemProxy;
			containerPortal = F24759561ADA7C9A008F1F2E /* Project object */;
			proxyType = 1;
			remoteGlobalIDString = F247595D1ADA7C9A008F1F2E;
			remoteInfo = Poster;
		};
		F24759991ADAFCC4008F1F2E /* PBXContainerItemProxy */ = {
			isa = PBXContainerItemProxy;
			containerPortal = F24759561ADA7C9A008F1F2E /* Project object */;
			proxyType = 1;
			remoteGlobalIDString = F247598C1ADAFCC3008F1F2E;
			remoteInfo = PostToADN;
		};
		F247599B1ADAFCC4008F1F2E /* PBXContainerItemProxy */ = {
			isa = PBXContainerItemProxy;
			containerPortal = F24759561ADA7C9A008F1F2E /* Project object */;
			proxyType = 1;
			remoteGlobalIDString = F247595D1ADA7C9A008F1F2E;
			remoteInfo = Poster;
		};
		F24759A21ADAFCC4008F1F2E /* PBXContainerItemProxy */ = {
			isa = PBXContainerItemProxy;
			containerPortal = F24759561ADA7C9A008F1F2E /* Project object */;
			proxyType = 1;
			remoteGlobalIDString = F247598C1ADAFCC3008F1F2E;
			remoteInfo = PostToADN;
		};
		F24759C61ADB01CD008F1F2E /* PBXContainerItemProxy */ = {
			isa = PBXContainerItemProxy;
			containerPortal = F24759561ADA7C9A008F1F2E /* Project object */;
			proxyType = 1;
			remoteGlobalIDString = F24759B91ADB01CD008F1F2E;
			remoteInfo = KeychainAccess;
		};
		F24759C81ADB01CD008F1F2E /* PBXContainerItemProxy */ = {
			isa = PBXContainerItemProxy;
			containerPortal = F24759561ADA7C9A008F1F2E /* Project object */;
			proxyType = 1;
			remoteGlobalIDString = F247595D1ADA7C9A008F1F2E;
			remoteInfo = Poster;
		};
		F24759CF1ADB01CE008F1F2E /* PBXContainerItemProxy */ = {
			isa = PBXContainerItemProxy;
			containerPortal = F24759561ADA7C9A008F1F2E /* Project object */;
			proxyType = 1;
			remoteGlobalIDString = F24759B91ADB01CD008F1F2E;
			remoteInfo = KeychainAccess;
		};
/* End PBXContainerItemProxy section */

/* Begin PBXCopyFilesBuildPhase section */
		F24759A91ADAFCC4008F1F2E /* Embed Frameworks */ = {
			isa = PBXCopyFilesBuildPhase;
			buildActionMask = 2147483647;
			dstPath = "";
			dstSubfolderSpec = 10;
			files = (
				F24759D21ADB01CE008F1F2E /* KeychainAccess.framework in Embed Frameworks */,
				F24759A51ADAFCC4008F1F2E /* PostToADN.framework in Embed Frameworks */,
			);
			name = "Embed Frameworks";
			runOnlyForDeploymentPostprocessing = 0;
		};
/* End PBXCopyFilesBuildPhase section */

/* Begin PBXFileReference section */
		F247595E1ADA7C9A008F1F2E /* Poster.app */ = {isa = PBXFileReference; explicitFileType = wrapper.application; includeInIndex = 0; path = Poster.app; sourceTree = BUILT_PRODUCTS_DIR; };
		F24759621ADA7C9A008F1F2E /* Info.plist */ = {isa = PBXFileReference; lastKnownFileType = text.plist.xml; path = Info.plist; sourceTree = "<group>"; };
		F24759631ADA7C9A008F1F2E /* AppDelegate.swift */ = {isa = PBXFileReference; lastKnownFileType = sourcecode.swift; path = AppDelegate.swift; sourceTree = "<group>"; };
		F24759651ADA7C9A008F1F2E /* ViewController.swift */ = {isa = PBXFileReference; lastKnownFileType = sourcecode.swift; path = ViewController.swift; sourceTree = "<group>"; };
		F24759671ADA7C9A008F1F2E /* Images.xcassets */ = {isa = PBXFileReference; lastKnownFileType = folder.assetcatalog; path = Images.xcassets; sourceTree = "<group>"; };
		F247596A1ADA7C9A008F1F2E /* Base */ = {isa = PBXFileReference; lastKnownFileType = file.storyboard; name = Base; path = Base.lproj/Main.storyboard; sourceTree = "<group>"; };
		F24759701ADA7C9A008F1F2E /* PosterTests.xctest */ = {isa = PBXFileReference; explicitFileType = wrapper.cfbundle; includeInIndex = 0; path = PosterTests.xctest; sourceTree = BUILT_PRODUCTS_DIR; };
		F24759751ADA7C9A008F1F2E /* Info.plist */ = {isa = PBXFileReference; lastKnownFileType = text.plist.xml; path = Info.plist; sourceTree = "<group>"; };
		F24759841ADA92F3008F1F2E /* APICommunicatorTests.swift */ = {isa = PBXFileReference; fileEncoding = 4; lastKnownFileType = sourcecode.swift; name = APICommunicatorTests.swift; path = Networking/APICommunicatorTests.swift; sourceTree = "<group>"; };
		F24759861ADA9C2E008F1F2E /* WebLoginViewController.swift */ = {isa = PBXFileReference; fileEncoding = 4; lastKnownFileType = sourcecode.swift; name = WebLoginViewController.swift; path = Networking/WebLoginViewController.swift; sourceTree = "<group>"; };
		F247598D1ADAFCC3008F1F2E /* PostToADN.framework */ = {isa = PBXFileReference; explicitFileType = wrapper.framework; includeInIndex = 0; path = PostToADN.framework; sourceTree = BUILT_PRODUCTS_DIR; };
		F24759901ADAFCC3008F1F2E /* Info.plist */ = {isa = PBXFileReference; lastKnownFileType = text.plist.xml; path = Info.plist; sourceTree = "<group>"; };
		F24759911ADAFCC3008F1F2E /* PostToADN.h */ = {isa = PBXFileReference; lastKnownFileType = sourcecode.c.h; path = PostToADN.h; sourceTree = "<group>"; };
		F24759971ADAFCC3008F1F2E /* PostToADNTests.xctest */ = {isa = PBXFileReference; explicitFileType = wrapper.cfbundle; includeInIndex = 0; path = PostToADNTests.xctest; sourceTree = BUILT_PRODUCTS_DIR; };
		F247599F1ADAFCC4008F1F2E /* Info.plist */ = {isa = PBXFileReference; lastKnownFileType = text.plist.xml; path = Info.plist; sourceTree = "<group>"; };
		F24759A01ADAFCC4008F1F2E /* PostToADNTests.swift */ = {isa = PBXFileReference; lastKnownFileType = sourcecode.swift; path = PostToADNTests.swift; sourceTree = "<group>"; };
		F24759AD1ADB0042008F1F2E /* ADNAPICommunicator.swift */ = {isa = PBXFileReference; fileEncoding = 4; lastKnownFileType = sourcecode.swift; path = ADNAPICommunicator.swift; sourceTree = "<group>"; };
		F24759AE1ADB0042008F1F2E /* ImageService.swift */ = {isa = PBXFileReference; fileEncoding = 4; lastKnownFileType = sourcecode.swift; path = ImageService.swift; sourceTree = "<group>"; };
		F24759AF1ADB0042008F1F2E /* PostService.swift */ = {isa = PBXFileReference; fileEncoding = 4; lastKnownFileType = sourcecode.swift; path = PostService.swift; sourceTree = "<group>"; };
		F24759B01ADB0042008F1F2E /* RequestFactory.swift */ = {isa = PBXFileReference; fileEncoding = 4; lastKnownFileType = sourcecode.swift; path = RequestFactory.swift; sourceTree = "<group>"; };
		F24759BA1ADB01CD008F1F2E /* KeychainAccess.framework */ = {isa = PBXFileReference; explicitFileType = wrapper.framework; includeInIndex = 0; path = KeychainAccess.framework; sourceTree = BUILT_PRODUCTS_DIR; };
		F24759BD1ADB01CD008F1F2E /* Info.plist */ = {isa = PBXFileReference; lastKnownFileType = text.plist.xml; path = Info.plist; sourceTree = "<group>"; };
		F24759BE1ADB01CD008F1F2E /* KeychainAccess.h */ = {isa = PBXFileReference; lastKnownFileType = sourcecode.c.h; path = KeychainAccess.h; sourceTree = "<group>"; };
		F24759C41ADB01CD008F1F2E /* KeychainAccessTests.xctest */ = {isa = PBXFileReference; explicitFileType = wrapper.cfbundle; includeInIndex = 0; path = KeychainAccessTests.xctest; sourceTree = BUILT_PRODUCTS_DIR; };
		F24759CC1ADB01CE008F1F2E /* Info.plist */ = {isa = PBXFileReference; lastKnownFileType = text.plist.xml; path = Info.plist; sourceTree = "<group>"; };
		F24759CD1ADB01CE008F1F2E /* KeychainAccessTests.swift */ = {isa = PBXFileReference; lastKnownFileType = sourcecode.swift; path = KeychainAccessTests.swift; sourceTree = "<group>"; };
		F24759D91ADB0268008F1F2E /* KeychainAccess.swift */ = {isa = PBXFileReference; fileEncoding = 4; lastKnownFileType = sourcecode.swift; path = KeychainAccess.swift; sourceTree = "<group>"; };
		F24759DB1ADDA633008F1F2E /* BackgroundView.swift */ = {isa = PBXFileReference; fileEncoding = 4; lastKnownFileType = sourcecode.swift; name = BackgroundView.swift; path = Posting/BackgroundView.swift; sourceTree = "<group>"; };
		F2C7D13F1AE1378D00409984 /* NSImageExtensions.swift */ = {isa = PBXFileReference; fileEncoding = 4; lastKnownFileType = sourcecode.swift; path = NSImageExtensions.swift; sourceTree = "<group>"; };
/* End PBXFileReference section */

/* Begin PBXFrameworksBuildPhase section */
		F247595B1ADA7C9A008F1F2E /* Frameworks */ = {
			isa = PBXFrameworksBuildPhase;
			buildActionMask = 2147483647;
			files = (
				F24759D11ADB01CE008F1F2E /* KeychainAccess.framework in Frameworks */,
				F24759A41ADAFCC4008F1F2E /* PostToADN.framework in Frameworks */,
			);
			runOnlyForDeploymentPostprocessing = 0;
		};
		F247596D1ADA7C9A008F1F2E /* Frameworks */ = {
			isa = PBXFrameworksBuildPhase;
			buildActionMask = 2147483647;
			files = (
			);
			runOnlyForDeploymentPostprocessing = 0;
		};
		F24759891ADAFCC3008F1F2E /* Frameworks */ = {
			isa = PBXFrameworksBuildPhase;
			buildActionMask = 2147483647;
			files = (
				F2B001A31AE1991700F806CE /* KeychainAccess.framework in Frameworks */,
			);
			runOnlyForDeploymentPostprocessing = 0;
		};
		F24759941ADAFCC3008F1F2E /* Frameworks */ = {
			isa = PBXFrameworksBuildPhase;
			buildActionMask = 2147483647;
			files = (
				F24759981ADAFCC4008F1F2E /* PostToADN.framework in Frameworks */,
			);
			runOnlyForDeploymentPostprocessing = 0;
		};
		F24759B61ADB01CD008F1F2E /* Frameworks */ = {
			isa = PBXFrameworksBuildPhase;
			buildActionMask = 2147483647;
			files = (
			);
			runOnlyForDeploymentPostprocessing = 0;
		};
		F24759C11ADB01CD008F1F2E /* Frameworks */ = {
			isa = PBXFrameworksBuildPhase;
			buildActionMask = 2147483647;
			files = (
				F24759C51ADB01CD008F1F2E /* KeychainAccess.framework in Frameworks */,
			);
			runOnlyForDeploymentPostprocessing = 0;
		};
/* End PBXFrameworksBuildPhase section */

/* Begin PBXGroup section */
		F24759551ADA7C9A008F1F2E = {
			isa = PBXGroup;
			children = (
				F24759601ADA7C9A008F1F2E /* Poster */,
				F24759731ADA7C9A008F1F2E /* PosterTests */,
				F247598E1ADAFCC3008F1F2E /* PostToADN */,
				F247599D1ADAFCC4008F1F2E /* PostToADNTests */,
				F24759BB1ADB01CD008F1F2E /* KeychainAccess */,
				F24759CA1ADB01CD008F1F2E /* KeychainAccessTests */,
				F247595F1ADA7C9A008F1F2E /* Products */,
			);
			sourceTree = "<group>";
		};
		F247595F1ADA7C9A008F1F2E /* Products */ = {
			isa = PBXGroup;
			children = (
				F247595E1ADA7C9A008F1F2E /* Poster.app */,
				F24759701ADA7C9A008F1F2E /* PosterTests.xctest */,
				F247598D1ADAFCC3008F1F2E /* PostToADN.framework */,
				F24759971ADAFCC3008F1F2E /* PostToADNTests.xctest */,
				F24759BA1ADB01CD008F1F2E /* KeychainAccess.framework */,
				F24759C41ADB01CD008F1F2E /* KeychainAccessTests.xctest */,
			);
			name = Products;
			sourceTree = "<group>";
		};
		F24759601ADA7C9A008F1F2E /* Poster */ = {
			isa = PBXGroup;
			children = (
				F24759631ADA7C9A008F1F2E /* AppDelegate.swift */,
				F24759651ADA7C9A008F1F2E /* ViewController.swift */,
				F24759861ADA9C2E008F1F2E /* WebLoginViewController.swift */,
				F24759DB1ADDA633008F1F2E /* BackgroundView.swift */,
				F24759691ADA7C9A008F1F2E /* Main.storyboard */,
				F24759671ADA7C9A008F1F2E /* Images.xcassets */,
				F24759611ADA7C9A008F1F2E /* Supporting Files */,
			);
			path = Poster;
			sourceTree = "<group>";
		};
		F24759611ADA7C9A008F1F2E /* Supporting Files */ = {
			isa = PBXGroup;
			children = (
				F24759621ADA7C9A008F1F2E /* Info.plist */,
			);
			name = "Supporting Files";
			sourceTree = "<group>";
		};
		F24759731ADA7C9A008F1F2E /* PosterTests */ = {
			isa = PBXGroup;
			children = (
				F24759841ADA92F3008F1F2E /* APICommunicatorTests.swift */,
				F24759741ADA7C9A008F1F2E /* Supporting Files */,
			);
			path = PosterTests;
			sourceTree = "<group>";
		};
		F24759741ADA7C9A008F1F2E /* Supporting Files */ = {
			isa = PBXGroup;
			children = (
				F24759751ADA7C9A008F1F2E /* Info.plist */,
			);
			name = "Supporting Files";
			sourceTree = "<group>";
		};
		F247598E1ADAFCC3008F1F2E /* PostToADN */ = {
			isa = PBXGroup;
			children = (
				F24759911ADAFCC3008F1F2E /* PostToADN.h */,
				F24759AD1ADB0042008F1F2E /* ADNAPICommunicator.swift */,
				F24759AE1ADB0042008F1F2E /* ImageService.swift */,
				F24759AF1ADB0042008F1F2E /* PostService.swift */,
				F24759B01ADB0042008F1F2E /* RequestFactory.swift */,
				F2C7D13F1AE1378D00409984 /* NSImageExtensions.swift */,
				F247598F1ADAFCC3008F1F2E /* Supporting Files */,
			);
			path = PostToADN;
			sourceTree = "<group>";
		};
		F247598F1ADAFCC3008F1F2E /* Supporting Files */ = {
			isa = PBXGroup;
			children = (
				F24759901ADAFCC3008F1F2E /* Info.plist */,
			);
			name = "Supporting Files";
			sourceTree = "<group>";
		};
		F247599D1ADAFCC4008F1F2E /* PostToADNTests */ = {
			isa = PBXGroup;
			children = (
				F24759A01ADAFCC4008F1F2E /* PostToADNTests.swift */,
				F247599E1ADAFCC4008F1F2E /* Supporting Files */,
			);
			path = PostToADNTests;
			sourceTree = "<group>";
		};
		F247599E1ADAFCC4008F1F2E /* Supporting Files */ = {
			isa = PBXGroup;
			children = (
				F247599F1ADAFCC4008F1F2E /* Info.plist */,
			);
			name = "Supporting Files";
			sourceTree = "<group>";
		};
		F24759BB1ADB01CD008F1F2E /* KeychainAccess */ = {
			isa = PBXGroup;
			children = (
				F24759BE1ADB01CD008F1F2E /* KeychainAccess.h */,
				F24759D91ADB0268008F1F2E /* KeychainAccess.swift */,
				F24759BC1ADB01CD008F1F2E /* Supporting Files */,
			);
			path = KeychainAccess;
			sourceTree = "<group>";
		};
		F24759BC1ADB01CD008F1F2E /* Supporting Files */ = {
			isa = PBXGroup;
			children = (
				F24759BD1ADB01CD008F1F2E /* Info.plist */,
			);
			name = "Supporting Files";
			sourceTree = "<group>";
		};
		F24759CA1ADB01CD008F1F2E /* KeychainAccessTests */ = {
			isa = PBXGroup;
			children = (
				F24759CD1ADB01CE008F1F2E /* KeychainAccessTests.swift */,
				F24759CB1ADB01CE008F1F2E /* Supporting Files */,
			);
			path = KeychainAccessTests;
			sourceTree = "<group>";
		};
		F24759CB1ADB01CE008F1F2E /* Supporting Files */ = {
			isa = PBXGroup;
			children = (
				F24759CC1ADB01CE008F1F2E /* Info.plist */,
			);
			name = "Supporting Files";
			sourceTree = "<group>";
		};
/* End PBXGroup section */

/* Begin PBXHeadersBuildPhase section */
		F247598A1ADAFCC3008F1F2E /* Headers */ = {
			isa = PBXHeadersBuildPhase;
			buildActionMask = 2147483647;
			files = (
				F24759921ADAFCC3008F1F2E /* PostToADN.h in Headers */,
			);
			runOnlyForDeploymentPostprocessing = 0;
		};
		F24759B71ADB01CD008F1F2E /* Headers */ = {
			isa = PBXHeadersBuildPhase;
			buildActionMask = 2147483647;
			files = (
				F24759BF1ADB01CD008F1F2E /* KeychainAccess.h in Headers */,
			);
			runOnlyForDeploymentPostprocessing = 0;
		};
/* End PBXHeadersBuildPhase section */

/* Begin PBXNativeTarget section */
		F247595D1ADA7C9A008F1F2E /* Poster */ = {
			isa = PBXNativeTarget;
			buildConfigurationList = F247597A1ADA7C9A008F1F2E /* Build configuration list for PBXNativeTarget "Poster" */;
			buildPhases = (
				F247595A1ADA7C9A008F1F2E /* Sources */,
				F247595B1ADA7C9A008F1F2E /* Frameworks */,
				F247595C1ADA7C9A008F1F2E /* Resources */,
				F24759A91ADAFCC4008F1F2E /* Embed Frameworks */,
				F2B001A41AE19A9100F806CE /* ShellScript */,
			);
			buildRules = (
			);
			dependencies = (
				F24759A31ADAFCC4008F1F2E /* PBXTargetDependency */,
				F24759D01ADB01CE008F1F2E /* PBXTargetDependency */,
			);
			name = Poster;
			productName = Poster;
			productReference = F247595E1ADA7C9A008F1F2E /* Poster.app */;
			productType = "com.apple.product-type.application";
		};
		F247596F1ADA7C9A008F1F2E /* PosterTests */ = {
			isa = PBXNativeTarget;
			buildConfigurationList = F247597D1ADA7C9A008F1F2E /* Build configuration list for PBXNativeTarget "PosterTests" */;
			buildPhases = (
				F247596C1ADA7C9A008F1F2E /* Sources */,
				F247596D1ADA7C9A008F1F2E /* Frameworks */,
				F247596E1ADA7C9A008F1F2E /* Resources */,
			);
			buildRules = (
			);
			dependencies = (
				F24759721ADA7C9A008F1F2E /* PBXTargetDependency */,
			);
			name = PosterTests;
			productName = PosterTests;
			productReference = F24759701ADA7C9A008F1F2E /* PosterTests.xctest */;
			productType = "com.apple.product-type.bundle.unit-test";
		};
		F247598C1ADAFCC3008F1F2E /* PostToADN */ = {
			isa = PBXNativeTarget;
			buildConfigurationList = F24759A61ADAFCC4008F1F2E /* Build configuration list for PBXNativeTarget "PostToADN" */;
			buildPhases = (
				F24759881ADAFCC3008F1F2E /* Sources */,
				F24759891ADAFCC3008F1F2E /* Frameworks */,
				F247598A1ADAFCC3008F1F2E /* Headers */,
				F247598B1ADAFCC3008F1F2E /* Resources */,
			);
			buildRules = (
			);
			dependencies = (
			);
			name = PostToADN;
			productName = PostToADN;
			productReference = F247598D1ADAFCC3008F1F2E /* PostToADN.framework */;
			productType = "com.apple.product-type.framework";
		};
		F24759961ADAFCC3008F1F2E /* PostToADNTests */ = {
			isa = PBXNativeTarget;
			buildConfigurationList = F24759AA1ADAFCC4008F1F2E /* Build configuration list for PBXNativeTarget "PostToADNTests" */;
			buildPhases = (
				F24759931ADAFCC3008F1F2E /* Sources */,
				F24759941ADAFCC3008F1F2E /* Frameworks */,
				F24759951ADAFCC3008F1F2E /* Resources */,
			);
			buildRules = (
			);
			dependencies = (
				F247599A1ADAFCC4008F1F2E /* PBXTargetDependency */,
				F247599C1ADAFCC4008F1F2E /* PBXTargetDependency */,
			);
			name = PostToADNTests;
			productName = PostToADNTests;
			productReference = F24759971ADAFCC3008F1F2E /* PostToADNTests.xctest */;
			productType = "com.apple.product-type.bundle.unit-test";
		};
		F24759B91ADB01CD008F1F2E /* KeychainAccess */ = {
			isa = PBXNativeTarget;
			buildConfigurationList = F24759D31ADB01CE008F1F2E /* Build configuration list for PBXNativeTarget "KeychainAccess" */;
			buildPhases = (
				F24759B51ADB01CD008F1F2E /* Sources */,
				F24759B61ADB01CD008F1F2E /* Frameworks */,
				F24759B71ADB01CD008F1F2E /* Headers */,
				F24759B81ADB01CD008F1F2E /* Resources */,
			);
			buildRules = (
			);
			dependencies = (
			);
			name = KeychainAccess;
			productName = KeychainAccess;
			productReference = F24759BA1ADB01CD008F1F2E /* KeychainAccess.framework */;
			productType = "com.apple.product-type.framework";
		};
		F24759C31ADB01CD008F1F2E /* KeychainAccessTests */ = {
			isa = PBXNativeTarget;
			buildConfigurationList = F24759D61ADB01CE008F1F2E /* Build configuration list for PBXNativeTarget "KeychainAccessTests" */;
			buildPhases = (
				F24759C01ADB01CD008F1F2E /* Sources */,
				F24759C11ADB01CD008F1F2E /* Frameworks */,
				F24759C21ADB01CD008F1F2E /* Resources */,
			);
			buildRules = (
			);
			dependencies = (
				F24759C71ADB01CD008F1F2E /* PBXTargetDependency */,
				F24759C91ADB01CD008F1F2E /* PBXTargetDependency */,
			);
			name = KeychainAccessTests;
			productName = KeychainAccessTests;
			productReference = F24759C41ADB01CD008F1F2E /* KeychainAccessTests.xctest */;
			productType = "com.apple.product-type.bundle.unit-test";
		};
/* End PBXNativeTarget section */

/* Begin PBXProject section */
		F24759561ADA7C9A008F1F2E /* Project object */ = {
			isa = PBXProject;
			attributes = {
				LastUpgradeCheck = 0630;
				ORGANIZATIONNAME = "Dominik Hauser";
				TargetAttributes = {
					F247595D1ADA7C9A008F1F2E = {
						CreatedOnToolsVersion = 6.3;
					};
					F247596F1ADA7C9A008F1F2E = {
						CreatedOnToolsVersion = 6.3;
						TestTargetID = F247595D1ADA7C9A008F1F2E;
					};
					F247598C1ADAFCC3008F1F2E = {
						CreatedOnToolsVersion = 6.3;
					};
					F24759961ADAFCC3008F1F2E = {
						CreatedOnToolsVersion = 6.3;
						TestTargetID = F247595D1ADA7C9A008F1F2E;
					};
					F24759B91ADB01CD008F1F2E = {
						CreatedOnToolsVersion = 6.3;
					};
					F24759C31ADB01CD008F1F2E = {
						CreatedOnToolsVersion = 6.3;
						TestTargetID = F247595D1ADA7C9A008F1F2E;
					};
				};
			};
			buildConfigurationList = F24759591ADA7C9A008F1F2E /* Build configuration list for PBXProject "Poster" */;
			compatibilityVersion = "Xcode 3.2";
			developmentRegion = English;
			hasScannedForEncodings = 0;
			knownRegions = (
				en,
				Base,
			);
			mainGroup = F24759551ADA7C9A008F1F2E;
			productRefGroup = F247595F1ADA7C9A008F1F2E /* Products */;
			projectDirPath = "";
			projectRoot = "";
			targets = (
				F247595D1ADA7C9A008F1F2E /* Poster */,
				F247596F1ADA7C9A008F1F2E /* PosterTests */,
				F247598C1ADAFCC3008F1F2E /* PostToADN */,
				F24759961ADAFCC3008F1F2E /* PostToADNTests */,
				F24759B91ADB01CD008F1F2E /* KeychainAccess */,
				F24759C31ADB01CD008F1F2E /* KeychainAccessTests */,
			);
		};
/* End PBXProject section */

/* Begin PBXResourcesBuildPhase section */
		F247595C1ADA7C9A008F1F2E /* Resources */ = {
			isa = PBXResourcesBuildPhase;
			buildActionMask = 2147483647;
			files = (
				F24759681ADA7C9A008F1F2E /* Images.xcassets in Resources */,
				F247596B1ADA7C9A008F1F2E /* Main.storyboard in Resources */,
			);
			runOnlyForDeploymentPostprocessing = 0;
		};
		F247596E1ADA7C9A008F1F2E /* Resources */ = {
			isa = PBXResourcesBuildPhase;
			buildActionMask = 2147483647;
			files = (
			);
			runOnlyForDeploymentPostprocessing = 0;
		};
		F247598B1ADAFCC3008F1F2E /* Resources */ = {
			isa = PBXResourcesBuildPhase;
			buildActionMask = 2147483647;
			files = (
			);
			runOnlyForDeploymentPostprocessing = 0;
		};
		F24759951ADAFCC3008F1F2E /* Resources */ = {
			isa = PBXResourcesBuildPhase;
			buildActionMask = 2147483647;
			files = (
			);
			runOnlyForDeploymentPostprocessing = 0;
		};
		F24759B81ADB01CD008F1F2E /* Resources */ = {
			isa = PBXResourcesBuildPhase;
			buildActionMask = 2147483647;
			files = (
			);
			runOnlyForDeploymentPostprocessing = 0;
		};
		F24759C21ADB01CD008F1F2E /* Resources */ = {
			isa = PBXResourcesBuildPhase;
			buildActionMask = 2147483647;
			files = (
			);
			runOnlyForDeploymentPostprocessing = 0;
		};
/* End PBXResourcesBuildPhase section */

/* Begin PBXShellScriptBuildPhase section */
		F2B001A41AE19A9100F806CE /* ShellScript */ = {
			isa = PBXShellScriptBuildPhase;
			buildActionMask = 2147483647;
			files = (
			);
			inputPaths = (
			);
			outputPaths = (
			);
			runOnlyForDeploymentPostprocessing = 0;
			shellPath = /bin/sh;
			shellScript = "#!/bin/bash\nbuildNumber=$(/usr/libexec/PlistBuddy -c \"Print CFBundleVersion\" \"$INFOPLIST_FILE\")\nbuildNumber=$(($buildNumber + 1))\n/usr/libexec/PlistBuddy -c \"Set :CFBundleVersion $buildNumber\" \"$INFOPLIST_FILE\"";
		};
/* End PBXShellScriptBuildPhase section */

/* Begin PBXSourcesBuildPhase section */
		F247595A1ADA7C9A008F1F2E /* Sources */ = {
			isa = PBXSourcesBuildPhase;
			buildActionMask = 2147483647;
			files = (
				F24759DC1ADDA633008F1F2E /* BackgroundView.swift in Sources */,
				F24759661ADA7C9A008F1F2E /* ViewController.swift in Sources */,
				F24759871ADA9C2E008F1F2E /* WebLoginViewController.swift in Sources */,
				F24759641ADA7C9A008F1F2E /* AppDelegate.swift in Sources */,
			);
			runOnlyForDeploymentPostprocessing = 0;
		};
		F247596C1ADA7C9A008F1F2E /* Sources */ = {
			isa = PBXSourcesBuildPhase;
			buildActionMask = 2147483647;
			files = (
				F24759851ADA92F3008F1F2E /* APICommunicatorTests.swift in Sources */,
			);
			runOnlyForDeploymentPostprocessing = 0;
		};
		F24759881ADAFCC3008F1F2E /* Sources */ = {
			isa = PBXSourcesBuildPhase;
			buildActionMask = 2147483647;
			files = (
				F24759B41ADB0042008F1F2E /* RequestFactory.swift in Sources */,
				F2C7D1401AE1378D00409984 /* NSImageExtensions.swift in Sources */,
				F24759B11ADB0042008F1F2E /* ADNAPICommunicator.swift in Sources */,
				F24759B31ADB0042008F1F2E /* PostService.swift in Sources */,
				F24759B21ADB0042008F1F2E /* ImageService.swift in Sources */,
			);
			runOnlyForDeploymentPostprocessing = 0;
		};
		F24759931ADAFCC3008F1F2E /* Sources */ = {
			isa = PBXSourcesBuildPhase;
			buildActionMask = 2147483647;
			files = (
				F24759A11ADAFCC4008F1F2E /* PostToADNTests.swift in Sources */,
			);
			runOnlyForDeploymentPostprocessing = 0;
		};
		F24759B51ADB01CD008F1F2E /* Sources */ = {
			isa = PBXSourcesBuildPhase;
			buildActionMask = 2147483647;
			files = (
				F24759DA1ADB0268008F1F2E /* KeychainAccess.swift in Sources */,
			);
			runOnlyForDeploymentPostprocessing = 0;
		};
		F24759C01ADB01CD008F1F2E /* Sources */ = {
			isa = PBXSourcesBuildPhase;
			buildActionMask = 2147483647;
			files = (
				F24759CE1ADB01CE008F1F2E /* KeychainAccessTests.swift in Sources */,
			);
			runOnlyForDeploymentPostprocessing = 0;
		};
/* End PBXSourcesBuildPhase section */

/* Begin PBXTargetDependency section */
		F24759721ADA7C9A008F1F2E /* PBXTargetDependency */ = {
			isa = PBXTargetDependency;
			target = F247595D1ADA7C9A008F1F2E /* Poster */;
			targetProxy = F24759711ADA7C9A008F1F2E /* PBXContainerItemProxy */;
		};
		F247599A1ADAFCC4008F1F2E /* PBXTargetDependency */ = {
			isa = PBXTargetDependency;
			target = F247598C1ADAFCC3008F1F2E /* PostToADN */;
			targetProxy = F24759991ADAFCC4008F1F2E /* PBXContainerItemProxy */;
		};
		F247599C1ADAFCC4008F1F2E /* PBXTargetDependency */ = {
			isa = PBXTargetDependency;
			target = F247595D1ADA7C9A008F1F2E /* Poster */;
			targetProxy = F247599B1ADAFCC4008F1F2E /* PBXContainerItemProxy */;
		};
		F24759A31ADAFCC4008F1F2E /* PBXTargetDependency */ = {
			isa = PBXTargetDependency;
			target = F247598C1ADAFCC3008F1F2E /* PostToADN */;
			targetProxy = F24759A21ADAFCC4008F1F2E /* PBXContainerItemProxy */;
		};
		F24759C71ADB01CD008F1F2E /* PBXTargetDependency */ = {
			isa = PBXTargetDependency;
			target = F24759B91ADB01CD008F1F2E /* KeychainAccess */;
			targetProxy = F24759C61ADB01CD008F1F2E /* PBXContainerItemProxy */;
		};
		F24759C91ADB01CD008F1F2E /* PBXTargetDependency */ = {
			isa = PBXTargetDependency;
			target = F247595D1ADA7C9A008F1F2E /* Poster */;
			targetProxy = F24759C81ADB01CD008F1F2E /* PBXContainerItemProxy */;
		};
		F24759D01ADB01CE008F1F2E /* PBXTargetDependency */ = {
			isa = PBXTargetDependency;
			target = F24759B91ADB01CD008F1F2E /* KeychainAccess */;
			targetProxy = F24759CF1ADB01CE008F1F2E /* PBXContainerItemProxy */;
		};
/* End PBXTargetDependency section */

/* Begin PBXVariantGroup section */
		F24759691ADA7C9A008F1F2E /* Main.storyboard */ = {
			isa = PBXVariantGroup;
			children = (
				F247596A1ADA7C9A008F1F2E /* Base */,
			);
			name = Main.storyboard;
			sourceTree = "<group>";
		};
/* End PBXVariantGroup section */

/* Begin XCBuildConfiguration section */
		F24759781ADA7C9A008F1F2E /* Debug */ = {
			isa = XCBuildConfiguration;
			buildSettings = {
				ALWAYS_SEARCH_USER_PATHS = NO;
				CLANG_CXX_LANGUAGE_STANDARD = "gnu++0x";
				CLANG_CXX_LIBRARY = "libc++";
				CLANG_ENABLE_MODULES = YES;
				CLANG_ENABLE_OBJC_ARC = YES;
				CLANG_WARN_BOOL_CONVERSION = YES;
				CLANG_WARN_CONSTANT_CONVERSION = YES;
				CLANG_WARN_DIRECT_OBJC_ISA_USAGE = YES_ERROR;
				CLANG_WARN_EMPTY_BODY = YES;
				CLANG_WARN_ENUM_CONVERSION = YES;
				CLANG_WARN_INT_CONVERSION = YES;
				CLANG_WARN_OBJC_ROOT_CLASS = YES_ERROR;
				CLANG_WARN_UNREACHABLE_CODE = YES;
				CLANG_WARN__DUPLICATE_METHOD_MATCH = YES;
				CODE_SIGN_IDENTITY = "-";
				COPY_PHASE_STRIP = NO;
				DEBUG_INFORMATION_FORMAT = dwarf;
				ENABLE_STRICT_OBJC_MSGSEND = YES;
				GCC_C_LANGUAGE_STANDARD = gnu99;
				GCC_DYNAMIC_NO_PIC = NO;
				GCC_NO_COMMON_BLOCKS = YES;
				GCC_OPTIMIZATION_LEVEL = 0;
				GCC_PREPROCESSOR_DEFINITIONS = (
					"DEBUG=1",
					"$(inherited)",
				);
				GCC_SYMBOLS_PRIVATE_EXTERN = NO;
				GCC_WARN_64_TO_32_BIT_CONVERSION = YES;
				GCC_WARN_ABOUT_RETURN_TYPE = YES_ERROR;
				GCC_WARN_UNDECLARED_SELECTOR = YES;
				GCC_WARN_UNINITIALIZED_AUTOS = YES_AGGRESSIVE;
				GCC_WARN_UNUSED_FUNCTION = YES;
				GCC_WARN_UNUSED_VARIABLE = YES;
				MACOSX_DEPLOYMENT_TARGET = 10.10;
				MTL_ENABLE_DEBUG_INFO = YES;
				ONLY_ACTIVE_ARCH = YES;
				SDKROOT = macosx;
				SWIFT_OPTIMIZATION_LEVEL = "-Onone";
			};
			name = Debug;
		};
		F24759791ADA7C9A008F1F2E /* Release */ = {
			isa = XCBuildConfiguration;
			buildSettings = {
				ALWAYS_SEARCH_USER_PATHS = NO;
				CLANG_CXX_LANGUAGE_STANDARD = "gnu++0x";
				CLANG_CXX_LIBRARY = "libc++";
				CLANG_ENABLE_MODULES = YES;
				CLANG_ENABLE_OBJC_ARC = YES;
				CLANG_WARN_BOOL_CONVERSION = YES;
				CLANG_WARN_CONSTANT_CONVERSION = YES;
				CLANG_WARN_DIRECT_OBJC_ISA_USAGE = YES_ERROR;
				CLANG_WARN_EMPTY_BODY = YES;
				CLANG_WARN_ENUM_CONVERSION = YES;
				CLANG_WARN_INT_CONVERSION = YES;
				CLANG_WARN_OBJC_ROOT_CLASS = YES_ERROR;
				CLANG_WARN_UNREACHABLE_CODE = YES;
				CLANG_WARN__DUPLICATE_METHOD_MATCH = YES;
				CODE_SIGN_IDENTITY = "-";
				COPY_PHASE_STRIP = NO;
				DEBUG_INFORMATION_FORMAT = "dwarf-with-dsym";
				ENABLE_NS_ASSERTIONS = NO;
				ENABLE_STRICT_OBJC_MSGSEND = YES;
				GCC_C_LANGUAGE_STANDARD = gnu99;
				GCC_NO_COMMON_BLOCKS = YES;
				GCC_WARN_64_TO_32_BIT_CONVERSION = YES;
				GCC_WARN_ABOUT_RETURN_TYPE = YES_ERROR;
				GCC_WARN_UNDECLARED_SELECTOR = YES;
				GCC_WARN_UNINITIALIZED_AUTOS = YES_AGGRESSIVE;
				GCC_WARN_UNUSED_FUNCTION = YES;
				GCC_WARN_UNUSED_VARIABLE = YES;
				MACOSX_DEPLOYMENT_TARGET = 10.10;
				MTL_ENABLE_DEBUG_INFO = NO;
				SDKROOT = macosx;
			};
			name = Release;
		};
		F247597B1ADA7C9A008F1F2E /* Debug */ = {
			isa = XCBuildConfiguration;
			buildSettings = {
				ASSETCATALOG_COMPILER_APPICON_NAME = AppIcon;
				COMBINE_HIDPI_IMAGES = YES;
				DEFINES_MODULE = YES;
				INFOPLIST_FILE = Poster/Info.plist;
				LD_RUNPATH_SEARCH_PATHS = "$(inherited) @executable_path/../Frameworks";
				PRODUCT_NAME = "$(TARGET_NAME)";
			};
			name = Debug;
		};
		F247597C1ADA7C9A008F1F2E /* Release */ = {
			isa = XCBuildConfiguration;
			buildSettings = {
				ASSETCATALOG_COMPILER_APPICON_NAME = AppIcon;
				COMBINE_HIDPI_IMAGES = YES;
				DEFINES_MODULE = YES;
				INFOPLIST_FILE = Poster/Info.plist;
				LD_RUNPATH_SEARCH_PATHS = "$(inherited) @executable_path/../Frameworks";
				PRODUCT_NAME = "$(TARGET_NAME)";
			};
			name = Release;
		};
		F247597E1ADA7C9A008F1F2E /* Debug */ = {
			isa = XCBuildConfiguration;
			buildSettings = {
				BUNDLE_LOADER = "$(TEST_HOST)";
				CLANG_ENABLE_MODULES = YES;
				COMBINE_HIDPI_IMAGES = YES;
				FRAMEWORK_SEARCH_PATHS = (
					"$(DEVELOPER_FRAMEWORKS_DIR)",
					"$(inherited)",
				);
				GCC_PREPROCESSOR_DEFINITIONS = (
					"DEBUG=1",
					"$(inherited)",
				);
				INFOPLIST_FILE = PosterTests/Info.plist;
				LD_RUNPATH_SEARCH_PATHS = "$(inherited) @executable_path/../Frameworks @loader_path/../Frameworks";
				PRODUCT_NAME = "$(TARGET_NAME)";
				SWIFT_OPTIMIZATION_LEVEL = "-Onone";
				TEST_HOST = "$(BUILT_PRODUCTS_DIR)/Poster.app/Contents/MacOS/Poster";
			};
			name = Debug;
		};
		F247597F1ADA7C9A008F1F2E /* Release */ = {
			isa = XCBuildConfiguration;
			buildSettings = {
				BUNDLE_LOADER = "$(TEST_HOST)";
				CLANG_ENABLE_MODULES = YES;
				COMBINE_HIDPI_IMAGES = YES;
				FRAMEWORK_SEARCH_PATHS = (
					"$(DEVELOPER_FRAMEWORKS_DIR)",
					"$(inherited)",
				);
				INFOPLIST_FILE = PosterTests/Info.plist;
				LD_RUNPATH_SEARCH_PATHS = "$(inherited) @executable_path/../Frameworks @loader_path/../Frameworks";
				PRODUCT_NAME = "$(TARGET_NAME)";
				TEST_HOST = "$(BUILT_PRODUCTS_DIR)/Poster.app/Contents/MacOS/Poster";
			};
			name = Release;
		};
		F24759A71ADAFCC4008F1F2E /* Debug */ = {
			isa = XCBuildConfiguration;
			buildSettings = {
				COMBINE_HIDPI_IMAGES = YES;
				CURRENT_PROJECT_VERSION = 1;
				DEFINES_MODULE = YES;
				DYLIB_COMPATIBILITY_VERSION = 1;
				DYLIB_CURRENT_VERSION = 1;
				DYLIB_INSTALL_NAME_BASE = "@rpath";
				FRAMEWORK_VERSION = A;
				GCC_PREPROCESSOR_DEFINITIONS = (
					"DEBUG=1",
					"$(inherited)",
				);
				INFOPLIST_FILE = PostToADN/Info.plist;
				INSTALL_PATH = "$(LOCAL_LIBRARY_DIR)/Frameworks";
				LD_RUNPATH_SEARCH_PATHS = "$(inherited) @executable_path/../Frameworks @loader_path/Frameworks";
				PRODUCT_NAME = "$(TARGET_NAME)";
				SKIP_INSTALL = YES;
				VERSIONING_SYSTEM = "apple-generic";
				VERSION_INFO_PREFIX = "";
			};
			name = Debug;
		};
		F24759A81ADAFCC4008F1F2E /* Release */ = {
			isa = XCBuildConfiguration;
			buildSettings = {
				COMBINE_HIDPI_IMAGES = YES;
				CURRENT_PROJECT_VERSION = 1;
				DEFINES_MODULE = YES;
				DYLIB_COMPATIBILITY_VERSION = 1;
				DYLIB_CURRENT_VERSION = 1;
				DYLIB_INSTALL_NAME_BASE = "@rpath";
				FRAMEWORK_VERSION = A;
				INFOPLIST_FILE = PostToADN/Info.plist;
				INSTALL_PATH = "$(LOCAL_LIBRARY_DIR)/Frameworks";
				LD_RUNPATH_SEARCH_PATHS = "$(inherited) @executable_path/../Frameworks @loader_path/Frameworks";
				PRODUCT_NAME = "$(TARGET_NAME)";
				SKIP_INSTALL = YES;
				VERSIONING_SYSTEM = "apple-generic";
				VERSION_INFO_PREFIX = "";
			};
			name = Release;
		};
		F24759AB1ADAFCC4008F1F2E /* Debug */ = {
			isa = XCBuildConfiguration;
			buildSettings = {
				COMBINE_HIDPI_IMAGES = YES;
				FRAMEWORK_SEARCH_PATHS = (
					"$(DEVELOPER_FRAMEWORKS_DIR)",
					"$(inherited)",
				);
				GCC_PREPROCESSOR_DEFINITIONS = (
					"DEBUG=1",
					"$(inherited)",
				);
				INFOPLIST_FILE = PostToADNTests/Info.plist;
				LD_RUNPATH_SEARCH_PATHS = "$(inherited) @executable_path/../Frameworks @loader_path/../Frameworks";
				PRODUCT_NAME = "$(TARGET_NAME)";
				TEST_HOST = "$(BUILT_PRODUCTS_DIR)/Poster.app/Contents/MacOS/Poster";
			};
			name = Debug;
		};
		F24759AC1ADAFCC4008F1F2E /* Release */ = {
			isa = XCBuildConfiguration;
			buildSettings = {
				COMBINE_HIDPI_IMAGES = YES;
				FRAMEWORK_SEARCH_PATHS = (
					"$(DEVELOPER_FRAMEWORKS_DIR)",
					"$(inherited)",
				);
				INFOPLIST_FILE = PostToADNTests/Info.plist;
				LD_RUNPATH_SEARCH_PATHS = "$(inherited) @executable_path/../Frameworks @loader_path/../Frameworks";
				PRODUCT_NAME = "$(TARGET_NAME)";
				TEST_HOST = "$(BUILT_PRODUCTS_DIR)/Poster.app/Contents/MacOS/Poster";
			};
			name = Release;
		};
		F24759D41ADB01CE008F1F2E /* Debug */ = {
			isa = XCBuildConfiguration;
			buildSettings = {
				COMBINE_HIDPI_IMAGES = YES;
				CURRENT_PROJECT_VERSION = 1;
				DEFINES_MODULE = YES;
				DYLIB_COMPATIBILITY_VERSION = 1;
				DYLIB_CURRENT_VERSION = 1;
				DYLIB_INSTALL_NAME_BASE = "@rpath";
				FRAMEWORK_VERSION = A;
				GCC_PREPROCESSOR_DEFINITIONS = (
					"DEBUG=1",
					"$(inherited)",
				);
				INFOPLIST_FILE = KeychainAccess/Info.plist;
				INSTALL_PATH = "$(LOCAL_LIBRARY_DIR)/Frameworks";
				LD_RUNPATH_SEARCH_PATHS = "$(inherited) @executable_path/../Frameworks @loader_path/Frameworks";
				PRODUCT_NAME = "$(TARGET_NAME)";
				SKIP_INSTALL = YES;
				VERSIONING_SYSTEM = "apple-generic";
				VERSION_INFO_PREFIX = "";
			};
			name = Debug;
		};
		F24759D51ADB01CE008F1F2E /* Release */ = {
			isa = XCBuildConfiguration;
			buildSettings = {
				COMBINE_HIDPI_IMAGES = YES;
				CURRENT_PROJECT_VERSION = 1;
				DEFINES_MODULE = YES;
				DYLIB_COMPATIBILITY_VERSION = 1;
				DYLIB_CURRENT_VERSION = 1;
				DYLIB_INSTALL_NAME_BASE = "@rpath";
				FRAMEWORK_VERSION = A;
				INFOPLIST_FILE = KeychainAccess/Info.plist;
				INSTALL_PATH = "$(LOCAL_LIBRARY_DIR)/Frameworks";
				LD_RUNPATH_SEARCH_PATHS = "$(inherited) @executable_path/../Frameworks @loader_path/Frameworks";
				PRODUCT_NAME = "$(TARGET_NAME)";
				SKIP_INSTALL = YES;
				VERSIONING_SYSTEM = "apple-generic";
				VERSION_INFO_PREFIX = "";
			};
			name = Release;
		};
		F24759D71ADB01CE008F1F2E /* Debug */ = {
			isa = XCBuildConfiguration;
			buildSettings = {
				COMBINE_HIDPI_IMAGES = YES;
				FRAMEWORK_SEARCH_PATHS = (
					"$(DEVELOPER_FRAMEWORKS_DIR)",
					"$(inherited)",
				);
				GCC_PREPROCESSOR_DEFINITIONS = (
					"DEBUG=1",
					"$(inherited)",
				);
				INFOPLIST_FILE = KeychainAccessTests/Info.plist;
				LD_RUNPATH_SEARCH_PATHS = "$(inherited) @executable_path/../Frameworks @loader_path/../Frameworks";
				PRODUCT_NAME = "$(TARGET_NAME)";
				TEST_HOST = "$(BUILT_PRODUCTS_DIR)/Poster.app/Contents/MacOS/Poster";
			};
			name = Debug;
		};
		F24759D81ADB01CE008F1F2E /* Release */ = {
			isa = XCBuildConfiguration;
			buildSettings = {
				COMBINE_HIDPI_IMAGES = YES;
				FRAMEWORK_SEARCH_PATHS = (
					"$(DEVELOPER_FRAMEWORKS_DIR)",
					"$(inherited)",
				);
				INFOPLIST_FILE = KeychainAccessTests/Info.plist;
				LD_RUNPATH_SEARCH_PATHS = "$(inherited) @executable_path/../Frameworks @loader_path/../Frameworks";
				PRODUCT_NAME = "$(TARGET_NAME)";
				TEST_HOST = "$(BUILT_PRODUCTS_DIR)/Poster.app/Contents/MacOS/Poster";
			};
			name = Release;
		};
/* End XCBuildConfiguration section */

/* Begin XCConfigurationList section */
		F24759591ADA7C9A008F1F2E /* Build configuration list for PBXProject "Poster" */ = {
			isa = XCConfigurationList;
			buildConfigurations = (
				F24759781ADA7C9A008F1F2E /* Debug */,
				F24759791ADA7C9A008F1F2E /* Release */,
			);
			defaultConfigurationIsVisible = 0;
			defaultConfigurationName = Release;
		};
		F247597A1ADA7C9A008F1F2E /* Build configuration list for PBXNativeTarget "Poster" */ = {
			isa = XCConfigurationList;
			buildConfigurations = (
				F247597B1ADA7C9A008F1F2E /* Debug */,
				F247597C1ADA7C9A008F1F2E /* Release */,
			);
			defaultConfigurationIsVisible = 0;
			defaultConfigurationName = Release;
		};
		F247597D1ADA7C9A008F1F2E /* Build configuration list for PBXNativeTarget "PosterTests" */ = {
			isa = XCConfigurationList;
			buildConfigurations = (
				F247597E1ADA7C9A008F1F2E /* Debug */,
				F247597F1ADA7C9A008F1F2E /* Release */,
			);
			defaultConfigurationIsVisible = 0;
			defaultConfigurationName = Release;
		};
		F24759A61ADAFCC4008F1F2E /* Build configuration list for PBXNativeTarget "PostToADN" */ = {
			isa = XCConfigurationList;
			buildConfigurations = (
				F24759A71ADAFCC4008F1F2E /* Debug */,
				F24759A81ADAFCC4008F1F2E /* Release */,
			);
			defaultConfigurationIsVisible = 0;
			defaultConfigurationName = Release;
		};
		F24759AA1ADAFCC4008F1F2E /* Build configuration list for PBXNativeTarget "PostToADNTests" */ = {
			isa = XCConfigurationList;
			buildConfigurations = (
				F24759AB1ADAFCC4008F1F2E /* Debug */,
				F24759AC1ADAFCC4008F1F2E /* Release */,
			);
			defaultConfigurationIsVisible = 0;
			defaultConfigurationName = Release;
		};
		F24759D31ADB01CE008F1F2E /* Build configuration list for PBXNativeTarget "KeychainAccess" */ = {
			isa = XCConfigurationList;
			buildConfigurations = (
				F24759D41ADB01CE008F1F2E /* Debug */,
				F24759D51ADB01CE008F1F2E /* Release */,
			);
			defaultConfigurationIsVisible = 0;
			defaultConfigurationName = Release;
		};
		F24759D61ADB01CE008F1F2E /* Build configuration list for PBXNativeTarget "KeychainAccessTests" */ = {
			isa = XCConfigurationList;
			buildConfigurations = (
				F24759D71ADB01CE008F1F2E /* Debug */,
				F24759D81ADB01CE008F1F2E /* Release */,
			);
			defaultConfigurationIsVisible = 0;
			defaultConfigurationName = Release;
		};
/* End XCConfigurationList section */
	};
	rootObject = F24759561ADA7C9A008F1F2E /* Project object */;
}
